# This file is autogenerated, do not edit; changes may be undone by the next 'dep ensure'.


[[projects]]
  branch = "master"
  digest = "1:a4ff225f641d49236bdc244041e39cfeb5a080490d5b28eb8ee8f626d6790afe"
  name = "github.com/jefflee1990710/jprimego"
  packages = ["."]
  pruneopts = "UT"
  revision = "71b483069370c5ba64aa02ecdd64cf521336366b"

[solve-meta]
  analyzer-name = "dep"
  analyzer-version = 1
  input-imports = ["github.com/jefflee1990710/jprimego"]
  solver-name = "gps-cdcl"
  solver-version = 1
